
Microsoft Visual Studio Solution File, Format Version 12.00
Project("{FAE04EC0-301F-11D3-BF4B-00C04F79EFBC}") = "Maze", "Maze\Maze.csproj", "{48E5DF50-F63F-4284-A39D-B15D0A623D96}"
EndProject
Global
	GlobalSection(SolutionConfigurationPlatforms) = preSolution
		Debug|Any CPU = Debug|Any CPU
		Release|Any CPU = Release|Any CPU
	EndGlobalSection
	GlobalSection(ProjectConfigurationPlatforms) = postSolution
		{48E5DF50-F63F-4284-A39D-B15D0A623D96}.Debug|Any CPU.ActiveCfg = Debug|Any CPU
		{48E5DF50-F63F-4284-A39D-B15D0A623D96}.Debug|Any CPU.Build.0 = Debug|Any CPU
		{48E5DF50-F63F-4284-A39D-B15D0A623D96}.Release|Any CPU.ActiveCfg = Release|Any CPU
		{48E5DF50-F63F-4284-A39D-B15D0A623D96}.Release|Any CPU.Build.0 = Release|Any CPU
	EndGlobalSection
EndGlobal
